
Microsoft Visual Studio Solution File, Format Version 12.00
# Visual Studio 2012
Project("{FAE04EC0-301F-11D3-BF4B-00C04F79EFBC}") = "Ricardo.LaunchDarkly.iOS", "Ricardo.LaunchDarkly.iOS\Ricardo.LaunchDarkly.iOS.csproj", "{DF17AEBA-D6ED-48BB-9A23-53536B4A7576}"
EndProject
Project("{FAE04EC0-301F-11D3-BF4B-00C04F79EFBC}") = "Ricardo.LaunchDarkly.iOS.Sample", "Ricardo.LaunchDarkly.iOS.Sample\Ricardo.LaunchDarkly.iOS.Sample.csproj", "{7C4FC0AA-65A1-4641-A356-C7AB1B0B129A}"
EndProject
Global
	GlobalSection(SolutionConfigurationPlatforms) = preSolution
		Debug|Any CPU = Debug|Any CPU
		Release|Any CPU = Release|Any CPU
		Debug|iPhoneSimulator = Debug|iPhoneSimulator
		Release|iPhone = Release|iPhone
		Release|iPhoneSimulator = Release|iPhoneSimulator
		Debug|iPhone = Debug|iPhone
	EndGlobalSection
	GlobalSection(ProjectConfigurationPlatforms) = postSolution
		{DF17AEBA-D6ED-48BB-9A23-53536B4A7576}.Debug|Any CPU.ActiveCfg = Debug|Any CPU
		{DF17AEBA-D6ED-48BB-9A23-53536B4A7576}.Debug|Any CPU.Build.0 = Debug|Any CPU
		{DF17AEBA-D6ED-48BB-9A23-53536B4A7576}.Release|Any CPU.ActiveCfg = Release|Any CPU
		{DF17AEBA-D6ED-48BB-9A23-53536B4A7576}.Release|Any CPU.Build.0 = Release|Any CPU
		{DF17AEBA-D6ED-48BB-9A23-53536B4A7576}.Debug|iPhoneSimulator.ActiveCfg = Debug|Any CPU
		{DF17AEBA-D6ED-48BB-9A23-53536B4A7576}.Debug|iPhoneSimulator.Build.0 = Debug|Any CPU
		{DF17AEBA-D6ED-48BB-9A23-53536B4A7576}.Release|iPhone.ActiveCfg = Release|Any CPU
		{DF17AEBA-D6ED-48BB-9A23-53536B4A7576}.Release|iPhone.Build.0 = Release|Any CPU
		{DF17AEBA-D6ED-48BB-9A23-53536B4A7576}.Release|iPhoneSimulator.ActiveCfg = Release|Any CPU
		{DF17AEBA-D6ED-48BB-9A23-53536B4A7576}.Release|iPhoneSimulator.Build.0 = Release|Any CPU
		{DF17AEBA-D6ED-48BB-9A23-53536B4A7576}.Debug|iPhone.ActiveCfg = Debug|Any CPU
		{DF17AEBA-D6ED-48BB-9A23-53536B4A7576}.Debug|iPhone.Build.0 = Debug|Any CPU
		{7C4FC0AA-65A1-4641-A356-C7AB1B0B129A}.Debug|Any CPU.ActiveCfg = Debug|iPhoneSimulator
		{7C4FC0AA-65A1-4641-A356-C7AB1B0B129A}.Debug|Any CPU.Build.0 = Debug|iPhoneSimulator
		{7C4FC0AA-65A1-4641-A356-C7AB1B0B129A}.Release|Any CPU.ActiveCfg = Release|iPhone
		{7C4FC0AA-65A1-4641-A356-C7AB1B0B129A}.Release|Any CPU.Build.0 = Release|iPhone
		{7C4FC0AA-65A1-4641-A356-C7AB1B0B129A}.Debug|iPhoneSimulator.ActiveCfg = Debug|iPhoneSimulator
		{7C4FC0AA-65A1-4641-A356-C7AB1B0B129A}.Debug|iPhoneSimulator.Build.0 = Debug|iPhoneSimulator
		{7C4FC0AA-65A1-4641-A356-C7AB1B0B129A}.Release|iPhone.ActiveCfg = Release|iPhone
		{7C4FC0AA-65A1-4641-A356-C7AB1B0B129A}.Release|iPhone.Build.0 = Release|iPhone
		{7C4FC0AA-65A1-4641-A356-C7AB1B0B129A}.Release|iPhoneSimulator.ActiveCfg = Release|iPhoneSimulator
		{7C4FC0AA-65A1-4641-A356-C7AB1B0B129A}.Release|iPhoneSimulator.Build.0 = Release|iPhoneSimulator
		{7C4FC0AA-65A1-4641-A356-C7AB1B0B129A}.Debug|iPhone.ActiveCfg = Debug|iPhone
		{7C4FC0AA-65A1-4641-A356-C7AB1B0B129A}.Debug|iPhone.Build.0 = Debug|iPhone
	EndGlobalSection
EndGlobal
